{
  "pins" : [
    {
      "identity" : "hashrainbow",
      "kind" : "remoteSourceControl",
      "location" : "https://github.com/saramah/HashRainbow",
      "state" : {
        "branch" : "main",
        "revision" : "3eb3d2ce3b3fce35bcde312ed074a9c237d714ab"
      }
    },
    {
      "identity" : "licensable",
      "kind" : "remoteSourceControl",
      "location" : "https://github.com/inseven/licensable",
      "state" : {
        "revision" : "093c4b45d83e133d214530ea711cb8b91074606b",
        "version" : "0.1.0"
      }
    }
  ],
  "version" : 2
}
